{
  "platform": {
    "version": "0.9.0"
  },
  "entries": [
    {
      "name": "Osysharp.Clock",
      "kind": "package",
      "version": "0.1.1",
      "hash": "sha256:bef673d926e24ce600f2c9a022cd65d2b875690a690a2fd636658da214cd39b0",
      "minPlatform": "0.9.0",
      "shadow": "app-forkable",
      "source": "workspace:kits/clock",
      "constraint": "0"
    },
    {
      "name": "Osysharp.Ui",
      "kind": "package",
      "version": "2.18.0",
      "hash": "sha256:deccf5a06701c6af9cd880108de9426376c878130251be73adf1210cce94605b",
      "minPlatform": "0.9.0",
      "shadow": "app-forkable",
      "source": "workspace:Platform.Core/Dsl/OsySharp/Baseline/Capabilities/Ui"
    },
    {
      "name": "Osysharp.EmailTemplates",
      "kind": "package",
      "version": "0.1.1",
      "hash": "sha256:3ef5eb08590a6772a073aad43e6bae51b31126fb7ea4ce45f09d64d83200527a",
      "minPlatform": "0.9.0",
      "shadow": "app-forkable",
      "source": "workspace:kits/emailtemplates",
      "constraint": "0"
    },
    {
      "name": "Osysharp.Identity",
      "kind": "package",
      "version": "0.7.0",
      "hash": "sha256:a8f780ee024fb27a6c1f909feb86fec10c8a176788acd8546d1380a9243575bd",
      "minPlatform": "0.9.0",
      "shadow": "app-forkable",
      "source": "workspace:kits/identity",
      "constraint": "0"
    },
    {
      "name": "Osysharp.Mail",
      "kind": "package",
      "version": "0.9.0",
      "hash": "sha256:9d881411b8948aae3c06adeb2ebe9cd828d198e07bef0d5c002c83206ca6e013",
      "minPlatform": "0.9.0",
      "shadow": "app-forkable",
      "source": "workspace:kits/mail",
      "constraint": "0"
    },
    {
      "name": "Osysharp.Workflow",
      "kind": "package",
      "version": "1.0.0",
      "hash": "sha256:c9b5bb60a8be44efc0030d73b0bd60bdab05926344a68fb4db29dc78ee94c2f8",
      "minPlatform": "0.9.0",
      "shadow": "app-forkable",
      "source": "workspace:Platform.Core/Dsl/OsySharp/Baseline/Capabilities/Workflow"
    }
  ]
}