{
  "platform": {
    "version": "0.9.0"
  },
  "entries": [
    {
      "name": "Osysharp.Clock",
      "kind": "package",
      "version": "0.1.2",
      "hash": "sha256:6c2bc35ceaf4d88ce5dc110c445e2140e04d996ec93ecd31c66a3a37dd0131fb",
      "minPlatform": "0.9.0",
      "shadow": "app-forkable",
      "source": "workspace:kits/clock",
      "constraint": "0"
    },
    {
      "name": "Osysharp.Ui",
      "kind": "package",
      "version": "2.18.1",
      "hash": "sha256:5dae9b4103cc649967664228cc945c2d8b5bd9ff8d45e62bf9b67d9db079545e",
      "minPlatform": "0.9.0",
      "shadow": "app-forkable",
      "source": "workspace:Platform.Core/Dsl/OsySharp/Baseline/Capabilities/Ui"
    },
    {
      "name": "Osysharp.EmailTemplates",
      "kind": "package",
      "version": "0.1.2",
      "hash": "sha256:4254f7963a7b43790e4291dc1ccb28c7f24d3f9d52517ea4eb7d5aa99fa4056a",
      "minPlatform": "0.9.0",
      "shadow": "app-forkable",
      "source": "workspace:kits/emailtemplates",
      "constraint": "0"
    },
    {
      "name": "Osysharp.Identity",
      "kind": "package",
      "version": "0.8.0",
      "hash": "sha256:7fadb5f2628cfd6895c44d2e88725b39055ea36c3a8276b3b345c72a931f4358",
      "minPlatform": "0.9.0",
      "shadow": "app-forkable",
      "source": "workspace:kits/identity",
      "constraint": "0"
    },
    {
      "name": "Osysharp.Mail",
      "kind": "package",
      "version": "0.10.0",
      "hash": "sha256:8f40fb4add0b7682298672fd1405173722ac1b587c6739933c5ee92736c01cd9",
      "minPlatform": "0.9.0",
      "shadow": "app-forkable",
      "source": "workspace:kits/mail",
      "constraint": "0"
    },
    {
      "name": "Osysharp.Workflow",
      "kind": "package",
      "version": "1.0.1",
      "hash": "sha256:9f7ccf1f6dbf22b62e551b015333d41c46431491acd812fb626762531e2a97f8",
      "minPlatform": "0.9.0",
      "shadow": "app-forkable",
      "source": "workspace:Platform.Core/Dsl/OsySharp/Baseline/Capabilities/Workflow"
    },
    {
      "name": "Osysharp.Notifications",
      "kind": "package",
      "version": "1.1.1",
      "hash": "sha256:82edd46ed4326285140deebe27e4db6c2ab226b5320c99d065173ec506e43146",
      "minPlatform": "0.9.0",
      "shadow": "app-forkable",
      "source": "workspace:kits/notifications",
      "constraint": "1"
    }
  ],
  "bridges": {
    "searched": [
      "workspace",
      "platform"
    ],
    "skipped": [
      "github: offline \u2014 the public catalog was not searched for bridges. Run \u0060osy lock\u0060 with a network to look."
    ],
    "notIncluded": [
      {
        "name": "Osysharp.Inbox.Notifications",
        "reason": "completes Osysharp.Inbox \u002B Osysharp.Notifications, and this app does not use \u0060Osysharp.Inbox\u0060."
      },
      {
        "name": "Osysharp.Privacy.Notifications",
        "reason": "completes Osysharp.Privacy \u002B Osysharp.Notifications, and this app does not use \u0060Osysharp.Privacy\u0060."
      }
    ]
  }
}